
Microsoft Visual Studio Solution File, Format Version 12.00
# Visual Studio 15
VisualStudioVersion = 15.0.28307.329
MinimumVisualStudioVersion = 10.0.40219.1
Project("{9A19103F-16F7-4668-BE54-9A1E7A4F7556}") = "FunctionApp1", "FunctionApp1.csproj", "{FFC019DB-66E4-4738-85D3-49647FA5EDDB}"
EndProject
Project("{FAE04EC0-301F-11D3-BF4B-00C04F79EFBC}") = "ServiceBus", "..\ServiceBus\ServiceBus.csproj", "{079D299F-D6E0-4FFF-BA33-2D6A34AE5C4B}"
EndProject
Global
	GlobalSection(SolutionConfigurationPlatforms) = preSolution
		Debug|Any CPU = Debug|Any CPU
		Release|Any CPU = Release|Any CPU
	EndGlobalSection
	GlobalSection(ProjectConfigurationPlatforms) = postSolution
		{FFC019DB-66E4-4738-85D3-49647FA5EDDB}.Debug|Any CPU.ActiveCfg = Debug|Any CPU
		{FFC019DB-66E4-4738-85D3-49647FA5EDDB}.Debug|Any CPU.Build.0 = Debug|Any CPU
		{FFC019DB-66E4-4738-85D3-49647FA5EDDB}.Release|Any CPU.ActiveCfg = Release|Any CPU
		{FFC019DB-66E4-4738-85D3-49647FA5EDDB}.Release|Any CPU.Build.0 = Release|Any CPU
		{079D299F-D6E0-4FFF-BA33-2D6A34AE5C4B}.Debug|Any CPU.ActiveCfg = Debug|Any CPU
		{079D299F-D6E0-4FFF-BA33-2D6A34AE5C4B}.Debug|Any CPU.Build.0 = Debug|Any CPU
		{079D299F-D6E0-4FFF-BA33-2D6A34AE5C4B}.Release|Any CPU.ActiveCfg = Release|Any CPU
		{079D299F-D6E0-4FFF-BA33-2D6A34AE5C4B}.Release|Any CPU.Build.0 = Release|Any CPU
	EndGlobalSection
	GlobalSection(SolutionProperties) = preSolution
		HideSolutionNode = FALSE
	EndGlobalSection
	GlobalSection(ExtensibilityGlobals) = postSolution
		SolutionGuid = {014406C7-514D-4FD1-8A90-A5205FC38709}
	EndGlobalSection
EndGlobal
